
Microsoft Visual Studio Solution File, Format Version 12.00
# Visual Studio Version 17
VisualStudioVersion = 17.3.32901.215
MinimumVisualStudioVersion = 10.0.40219.1
Project("{FAE04EC0-301F-11D3-BF4B-00C04F79EFBC}") = "dop1", "dop1\dop1.csproj", "{BF43B21A-ADBB-42F0-BA71-82E17E51B098}"
EndProject
Global
	GlobalSection(SolutionConfigurationPlatforms) = preSolution
		Debug|Any CPU = Debug|Any CPU
		Release|Any CPU = Release|Any CPU
	EndGlobalSection
	GlobalSection(ProjectConfigurationPlatforms) = postSolution
		{BF43B21A-ADBB-42F0-BA71-82E17E51B098}.Debug|Any CPU.ActiveCfg = Debug|Any CPU
		{BF43B21A-ADBB-42F0-BA71-82E17E51B098}.Debug|Any CPU.Build.0 = Debug|Any CPU
		{BF43B21A-ADBB-42F0-BA71-82E17E51B098}.Release|Any CPU.ActiveCfg = Release|Any CPU
		{BF43B21A-ADBB-42F0-BA71-82E17E51B098}.Release|Any CPU.Build.0 = Release|Any CPU
	EndGlobalSection
	GlobalSection(SolutionProperties) = preSolution
		HideSolutionNode = FALSE
	EndGlobalSection
	GlobalSection(ExtensibilityGlobals) = postSolution
		SolutionGuid = {D511A371-C180-45DF-9927-81D826397A26}
	EndGlobalSection
EndGlobal
